
Microsoft Visual Studio Solution File, Format Version 12.00
# Visual Studio 15
VisualStudioVersion = 15.0.28307.1684
MinimumVisualStudioVersion = 10.0.40219.1
Project("{FAE04EC0-301F-11D3-BF4B-00C04F79EFBC}") = "CMC-Meritto", "CMC-Meritto\CMC-Meritto.csproj", "{821EF129-AD69-4300-A2A7-B40276C2BE7F}"
EndProject
Global
	GlobalSection(SolutionConfigurationPlatforms) = preSolution
		Debug|Any CPU = Debug|Any CPU
		Release|Any CPU = Release|Any CPU
	EndGlobalSection
	GlobalSection(ProjectConfigurationPlatforms) = postSolution
		{821EF129-AD69-4300-A2A7-B40276C2BE7F}.Debug|Any CPU.ActiveCfg = Debug|Any CPU
		{821EF129-AD69-4300-A2A7-B40276C2BE7F}.Debug|Any CPU.Build.0 = Debug|Any CPU
		{821EF129-AD69-4300-A2A7-B40276C2BE7F}.Release|Any CPU.ActiveCfg = Release|Any CPU
		{821EF129-AD69-4300-A2A7-B40276C2BE7F}.Release|Any CPU.Build.0 = Release|Any CPU
	EndGlobalSection
	GlobalSection(SolutionProperties) = preSolution
		HideSolutionNode = FALSE
	EndGlobalSection
	GlobalSection(ExtensibilityGlobals) = postSolution
		SolutionGuid = {A2FBF51C-9560-43A3-B931-FF4F8B1E606F}
	EndGlobalSection
EndGlobal
